// !$*UTF8*$!
{
	archiveVersion = 1;
	classes = {
	};
	objectVersion = 46;
	objects = {

/* Begin PBXBuildFile section */
		B3E7B58A1CC2AC0600A0062D /* RNShare.m in Sources */ = {isa = PBXBuildFile; fileRef = B3E7B5891CC2AC0600A0062D /* RNShare.m */; };
		BE248BA01E31C93100C0B10E /* NSString+Encoded.m in Sources */ = {isa = PBXBuildFile; fileRef = BE248B9E1E31C92C00C0B10E /* NSString+Encoded.m */; };
		BE248BD91E31FFDC00C0B10E /* SMSShare.m in Sources */ = {isa = PBXBuildFile; fileRef = BE248BD81E31FFDC00C0B10E /* SMSShare.m */; };
		BE53079C1E2F5B3F00D8D746 /* EmailShare.m in Sources */ = {isa = PBXBuildFile; fileRef = BE5307951E2F5B3F00D8D746 /* EmailShare.m */; };
		BE53079D1E2F5B3F00D8D746 /* GenericShare.m in Sources */ = {isa = PBXBuildFile; fileRef = BE5307971E2F5B3F00D8D746 /* GenericShare.m */; };
		BE53079E1E2F5B3F00D8D746 /* GooglePlusShare.m in Sources */ = {isa = PBXBuildFile; fileRef = BE5307991E2F5B3F00D8D746 /* GooglePlusShare.m */; };
		BE53079F1E2F5B3F00D8D746 /* WhatsAppShare.m in Sources */ = {isa = PBXBuildFile; fileRef = BE53079B1E2F5B3F00D8D746 /* WhatsAppShare.m */; };
		BE8C440B1DF93745006F7D0D /* libRNShareResources.bundle in CopyFiles */ = {isa = PBXBuildFile; fileRef = BE8C44051DF93727006F7D0D /* libRNShareResources.bundle */; };
		BE8C44101DF9377B006F7D0D /* activity-copy.png in Resources */ = {isa = PBXBuildFile; fileRef = BE8C440C1DF9377B006F7D0D /* activity-copy.png */; };
		BE8C44111DF9377B006F7D0D /* activity-copy@2x.png in Resources */ = {isa = PBXBuildFile; fileRef = BE8C440D1DF9377B006F7D0D /* activity-copy@2x.png */; };
		BE8C44121DF9377B006F7D0D /* activity-safari.png in Resources */ = {isa = PBXBuildFile; fileRef = BE8C440E1DF9377B006F7D0D /* activity-safari.png */; };
		BE8C44131DF9377B006F7D0D /* activity-safari@2x.png in Resources */ = {isa = PBXBuildFile; fileRef = BE8C440F1DF9377B006F7D0D /* activity-safari@2x.png */; };
		BEF10F0A1DF913F300C27317 /* NGCopyLinkActivity.m in Sources */ = {isa = PBXBuildFile; fileRef = BEF10F071DF913F300C27317 /* NGCopyLinkActivity.m */; };
		BEF10F0B1DF913F300C27317 /* NGSafariActivity.m in Sources */ = {isa = PBXBuildFile; fileRef = BEF10F091DF913F300C27317 /* NGSafariActivity.m */; };
/* End PBXBuildFile section */

/* Begin PBXCopyFilesBuildPhase section */
		58B511D91A9E6C8500147676 /* CopyFiles */ = {
			isa = PBXCopyFilesBuildPhase;
			buildActionMask = 2147483647;
			dstPath = "include/$(PRODUCT_NAME)";
			dstSubfolderSpec = 7;
			files = (
				BE8C440B1DF93745006F7D0D /* libRNShareResources.bundle in CopyFiles */,
			);
			runOnlyForDeploymentPostprocessing = 0;
		};
/* End PBXCopyFilesBuildPhase section */

/* Begin PBXFileReference section */
		134814201AA4EA6300B7C361 /* libRNShare.a */ = {isa = PBXFileReference; explicitFileType = archive.ar; includeInIndex = 0; path = libRNShare.a; sourceTree = BUILT_PRODUCTS_DIR; };
		B3E7B5881CC2AC0600A0062D /* RNShare.h */ = {isa = PBXFileReference; fileEncoding = 4; lastKnownFileType = sourcecode.c.h; path = RNShare.h; sourceTree = "<group>"; };
		B3E7B5891CC2AC0600A0062D /* RNShare.m */ = {isa = PBXFileReference; fileEncoding = 4; lastKnownFileType = sourcecode.c.objc; path = RNShare.m; sourceTree = "<group>"; };
		BE248B9D1E31C92C00C0B10E /* NSString+Encoded.h */ = {isa = PBXFileReference; fileEncoding = 4; lastKnownFileType = sourcecode.c.h; path = "NSString+Encoded.h"; sourceTree = "<group>"; };
		BE248B9E1E31C92C00C0B10E /* NSString+Encoded.m */ = {isa = PBXFileReference; fileEncoding = 4; lastKnownFileType = sourcecode.c.objc; path = "NSString+Encoded.m"; sourceTree = "<group>"; };
		BE248BD71E31FFDC00C0B10E /* SMSShare.h */ = {isa = PBXFileReference; fileEncoding = 4; lastKnownFileType = sourcecode.c.h; path = SMSShare.h; sourceTree = "<group>"; };
		BE248BD81E31FFDC00C0B10E /* SMSShare.m */ = {isa = PBXFileReference; fileEncoding = 4; lastKnownFileType = sourcecode.c.objc; path = SMSShare.m; sourceTree = "<group>"; };
		BE5307941E2F5B3F00D8D746 /* EmailShare.h */ = {isa = PBXFileReference; fileEncoding = 4; lastKnownFileType = sourcecode.c.h; path = EmailShare.h; sourceTree = "<group>"; };
		BE5307951E2F5B3F00D8D746 /* EmailShare.m */ = {isa = PBXFileReference; fileEncoding = 4; lastKnownFileType = sourcecode.c.objc; path = EmailShare.m; sourceTree = "<group>"; };
		BE5307961E2F5B3F00D8D746 /* GenericShare.h */ = {isa = PBXFileReference; fileEncoding = 4; lastKnownFileType = sourcecode.c.h; path = GenericShare.h; sourceTree = "<group>"; };
		BE5307971E2F5B3F00D8D746 /* GenericShare.m */ = {isa = PBXFileReference; fileEncoding = 4; lastKnownFileType = sourcecode.c.objc; path = GenericShare.m; sourceTree = "<group>"; };
		BE5307981E2F5B3F00D8D746 /* GooglePlusShare.h */ = {isa = PBXFileReference; fileEncoding = 4; lastKnownFileType = sourcecode.c.h; path = GooglePlusShare.h; sourceTree = "<group>"; };
		BE5307991E2F5B3F00D8D746 /* GooglePlusShare.m */ = {isa = PBXFileReference; fileEncoding = 4; lastKnownFileType = sourcecode.c.objc; path = GooglePlusShare.m; sourceTree = "<group>"; };
		BE53079A1E2F5B3F00D8D746 /* WhatsAppShare.h */ = {isa = PBXFileReference; fileEncoding = 4; lastKnownFileType = sourcecode.c.h; path = WhatsAppShare.h; sourceTree = "<group>"; };
		BE53079B1E2F5B3F00D8D746 /* WhatsAppShare.m */ = {isa = PBXFileReference; fileEncoding = 4; lastKnownFileType = sourcecode.c.objc; path = WhatsAppShare.m; sourceTree = "<group>"; };
		BE8C43FD1DF936F6006F7D0D /* Info.plist */ = {isa = PBXFileReference; lastKnownFileType = text.plist.xml; path = Info.plist; sourceTree = "<group>"; };
		BE8C44051DF93727006F7D0D /* libRNShareResources.bundle */ = {isa = PBXFileReference; explicitFileType = wrapper.cfbundle; includeInIndex = 0; path = libRNShareResources.bundle; sourceTree = BUILT_PRODUCTS_DIR; };
		BE8C440C1DF9377B006F7D0D /* activity-copy.png */ = {isa = PBXFileReference; lastKnownFileType = image.png; path = "activity-copy.png"; sourceTree = "<group>"; };
		BE8C440D1DF9377B006F7D0D /* activity-copy@2x.png */ = {isa = PBXFileReference; lastKnownFileType = image.png; path = "activity-copy@2x.png"; sourceTree = "<group>"; };
		BE8C440E1DF9377B006F7D0D /* activity-safari.png */ = {isa = PBXFileReference; lastKnownFileType = image.png; path = "activity-safari.png"; sourceTree = "<group>"; };
		BE8C440F1DF9377B006F7D0D /* activity-safari@2x.png */ = {isa = PBXFileReference; lastKnownFileType = image.png; path = "activity-safari@2x.png"; sourceTree = "<group>"; };
		BEF10F061DF913F300C27317 /* NGCopyLinkActivity.h */ = {isa = PBXFileReference; fileEncoding = 4; lastKnownFileType = sourcecode.c.h; path = NGCopyLinkActivity.h; sourceTree = "<group>"; };
		BEF10F071DF913F300C27317 /* NGCopyLinkActivity.m */ = {isa = PBXFileReference; fileEncoding = 4; lastKnownFileType = sourcecode.c.objc; path = NGCopyLinkActivity.m; sourceTree = "<group>"; };
		BEF10F081DF913F300C27317 /* NGSafariActivity.h */ = {isa = PBXFileReference; fileEncoding = 4; lastKnownFileType = sourcecode.c.h; path = NGSafariActivity.h; sourceTree = "<group>"; };
		BEF10F091DF913F300C27317 /* NGSafariActivity.m */ = {isa = PBXFileReference; fileEncoding = 4; lastKnownFileType = sourcecode.c.objc; path = NGSafariActivity.m; sourceTree = "<group>"; };
/* End PBXFileReference section */

/* Begin PBXFrameworksBuildPhase section */
		58B511D81A9E6C8500147676 /* Frameworks */ = {
			isa = PBXFrameworksBuildPhase;
			buildActionMask = 2147483647;
			files = (
			);
			runOnlyForDeploymentPostprocessing = 0;
		};
		BE8C44021DF93727006F7D0D /* Frameworks */ = {
			isa = PBXFrameworksBuildPhase;
			buildActionMask = 2147483647;
			files = (
			);
			runOnlyForDeploymentPostprocessing = 0;
		};
/* End PBXFrameworksBuildPhase section */

/* Begin PBXGroup section */
		134814211AA4EA7D00B7C361 /* Products */ = {
			isa = PBXGroup;
			children = (
				134814201AA4EA6300B7C361 /* libRNShare.a */,
			);
			name = Products;
			sourceTree = "<group>";
		};
		58B511D21A9E6C8500147676 = {
			isa = PBXGroup;
			children = (
				BEF10F051DF913F300C27317 /* Activity */,
				BE248B9C1E31C92400C0B10E /* Categories */,
				BE5307931E2F5B3F00D8D746 /* Share */,
				B3E7B5881CC2AC0600A0062D /* RNShare.h */,
				B3E7B5891CC2AC0600A0062D /* RNShare.m */,
				BE8C43FC1DF936F6006F7D0D /* libRNShareResources */,
				134814211AA4EA7D00B7C361 /* Products */,
				BE8C44051DF93727006F7D0D /* libRNShareResources.bundle */,
			);
			sourceTree = "<group>";
		};
		BE248B9C1E31C92400C0B10E /* Categories */ = {
			isa = PBXGroup;
			children = (
				BE248B9D1E31C92C00C0B10E /* NSString+Encoded.h */,
				BE248B9E1E31C92C00C0B10E /* NSString+Encoded.m */,
			);
			path = Categories;
			sourceTree = "<group>";
		};
		BE5307931E2F5B3F00D8D746 /* Share */ = {
			isa = PBXGroup;
			children = (
				BE5307941E2F5B3F00D8D746 /* EmailShare.h */,
				BE5307951E2F5B3F00D8D746 /* EmailShare.m */,
				BE5307961E2F5B3F00D8D746 /* GenericShare.h */,
				BE5307971E2F5B3F00D8D746 /* GenericShare.m */,
				BE5307981E2F5B3F00D8D746 /* GooglePlusShare.h */,
				BE5307991E2F5B3F00D8D746 /* GooglePlusShare.m */,
				BE53079A1E2F5B3F00D8D746 /* WhatsAppShare.h */,
				BE53079B1E2F5B3F00D8D746 /* WhatsAppShare.m */,
				BE248BD71E31FFDC00C0B10E /* SMSShare.h */,
				BE248BD81E31FFDC00C0B10E /* SMSShare.m */,
			);
			path = Share;
			sourceTree = "<group>";
		};
		BE8C43FC1DF936F6006F7D0D /* libRNShareResources */ = {
			isa = PBXGroup;
			children = (
				BE8C440C1DF9377B006F7D0D /* activity-copy.png */,
				BE8C440D1DF9377B006F7D0D /* activity-copy@2x.png */,
				BE8C440E1DF9377B006F7D0D /* activity-safari.png */,
				BE8C440F1DF9377B006F7D0D /* activity-safari@2x.png */,
				BE8C43FD1DF936F6006F7D0D /* Info.plist */,
			);
			path = libRNShareResources;
			sourceTree = "<group>";
		};
		BEF10F051DF913F300C27317 /* Activity */ = {
			isa = PBXGroup;
			children = (
				BEF10F061DF913F300C27317 /* NGCopyLinkActivity.h */,
				BEF10F071DF913F300C27317 /* NGCopyLinkActivity.m */,
				BEF10F081DF913F300C27317 /* NGSafariActivity.h */,
				BEF10F091DF913F300C27317 /* NGSafariActivity.m */,
			);
			path = Activity;
			sourceTree = "<group>";
		};
/* End PBXGroup section */

/* Begin PBXNativeTarget section */
		58B511DA1A9E6C8500147676 /* RNShare */ = {
			isa = PBXNativeTarget;
			buildConfigurationList = 58B511EF1A9E6C8500147676 /* Build configuration list for PBXNativeTarget "RNShare" */;
			buildPhases = (
				58B511D71A9E6C8500147676 /* Sources */,
				58B511D81A9E6C8500147676 /* Frameworks */,
				58B511D91A9E6C8500147676 /* CopyFiles */,
			);
			buildRules = (
			);
			dependencies = (
			);
			name = RNShare;
			productName = RCTDataManager;
			productReference = 134814201AA4EA6300B7C361 /* libRNShare.a */;
			productType = "com.apple.product-type.library.static";
		};
		BE8C44041DF93727006F7D0D /* libRNShareResources */ = {
			isa = PBXNativeTarget;
			buildConfigurationList = BE8C44081DF93727006F7D0D /* Build configuration list for PBXNativeTarget "libRNShareResources" */;
			buildPhases = (
				BE8C44011DF93727006F7D0D /* Sources */,
				BE8C44021DF93727006F7D0D /* Frameworks */,
				BE8C44031DF93727006F7D0D /* Resources */,
			);
			buildRules = (
			);
			dependencies = (
			);
			name = libRNShareResources;
			productName = libRNShareResources;
			productReference = BE8C44051DF93727006F7D0D /* libRNShareResources.bundle */;
			productType = "com.apple.product-type.bundle";
		};
/* End PBXNativeTarget section */

/* Begin PBXProject section */
		58B511D31A9E6C8500147676 /* Project object */ = {
			isa = PBXProject;
			attributes = {
				LastUpgradeCheck = 0610;
				ORGANIZATIONNAME = Facebook;
				TargetAttributes = {
					58B511DA1A9E6C8500147676 = {
						CreatedOnToolsVersion = 6.1.1;
					};
					BE8C44041DF93727006F7D0D = {
						CreatedOnToolsVersion = 8.1;
						DevelopmentTeam = 3X53CJD4HG;
						ProvisioningStyle = Automatic;
					};
				};
			};
			buildConfigurationList = 58B511D61A9E6C8500147676 /* Build configuration list for PBXProject "RNShare" */;
			compatibilityVersion = "Xcode 3.2";
			developmentRegion = English;
			hasScannedForEncodings = 0;
			knownRegions = (
				en,
			);
			mainGroup = 58B511D21A9E6C8500147676;
			productRefGroup = 58B511D21A9E6C8500147676;
			projectDirPath = "";
			projectRoot = "";
			targets = (
				58B511DA1A9E6C8500147676 /* RNShare */,
				BE8C44041DF93727006F7D0D /* libRNShareResources */,
			);
		};
/* End PBXProject section */

/* Begin PBXResourcesBuildPhase section */
		BE8C44031DF93727006F7D0D /* Resources */ = {
			isa = PBXResourcesBuildPhase;
			buildActionMask = 2147483647;
			files = (
				BE8C44121DF9377B006F7D0D /* activity-safari.png in Resources */,
				BE8C44111DF9377B006F7D0D /* activity-copy@2x.png in Resources */,
				BE8C44101DF9377B006F7D0D /* activity-copy.png in Resources */,
				BE8C44131DF9377B006F7D0D /* activity-safari@2x.png in Resources */,
			);
			runOnlyForDeploymentPostprocessing = 0;
		};
/* End PBXResourcesBuildPhase section */

/* Begin PBXSourcesBuildPhase section */
		58B511D71A9E6C8500147676 /* Sources */ = {
			isa = PBXSourcesBuildPhase;
			buildActionMask = 2147483647;
			files = (
				BE53079E1E2F5B3F00D8D746 /* GooglePlusShare.m in Sources */,
				BEF10F0B1DF913F300C27317 /* NGSafariActivity.m in Sources */,
				BE248BA01E31C93100C0B10E /* NSString+Encoded.m in Sources */,
				B3E7B58A1CC2AC0600A0062D /* RNShare.m in Sources */,
				BE53079D1E2F5B3F00D8D746 /* GenericShare.m in Sources */,
				BE248BD91E31FFDC00C0B10E /* SMSShare.m in Sources */,
				BE53079C1E2F5B3F00D8D746 /* EmailShare.m in Sources */,
				BE53079F1E2F5B3F00D8D746 /* WhatsAppShare.m in Sources */,
				BEF10F0A1DF913F300C27317 /* NGCopyLinkActivity.m in Sources */,
			);
			runOnlyForDeploymentPostprocessing = 0;
		};
		BE8C44011DF93727006F7D0D /* Sources */ = {
			isa = PBXSourcesBuildPhase;
			buildActionMask = 2147483647;
			files = (
			);
			runOnlyForDeploymentPostprocessing = 0;
		};
/* End PBXSourcesBuildPhase section */

/* Begin XCBuildConfiguration section */
		58B511ED1A9E6C8500147676 /* Debug */ = {
			isa = XCBuildConfiguration;
			buildSettings = {
				ALWAYS_SEARCH_USER_PATHS = NO;
				CLANG_CXX_LANGUAGE_STANDARD = "gnu++0x";
				CLANG_CXX_LIBRARY = "libc++";
				CLANG_ENABLE_MODULES = YES;
				CLANG_ENABLE_OBJC_ARC = YES;
				CLANG_WARN_BOOL_CONVERSION = YES;
				CLANG_WARN_CONSTANT_CONVERSION = YES;
				CLANG_WARN_DIRECT_OBJC_ISA_USAGE = YES_ERROR;
				CLANG_WARN_EMPTY_BODY = YES;
				CLANG_WARN_ENUM_CONVERSION = YES;
				CLANG_WARN_INT_CONVERSION = YES;
				CLANG_WARN_OBJC_ROOT_CLASS = YES_ERROR;
				CLANG_WARN_UNREACHABLE_CODE = YES;
				CLANG_WARN__DUPLICATE_METHOD_MATCH = YES;
				COPY_PHASE_STRIP = NO;
				ENABLE_STRICT_OBJC_MSGSEND = YES;
				GCC_C_LANGUAGE_STANDARD = gnu99;
				GCC_DYNAMIC_NO_PIC = NO;
				GCC_OPTIMIZATION_LEVEL = 0;
				GCC_PREPROCESSOR_DEFINITIONS = (
					"DEBUG=1",
					"$(inherited)",
				);
				GCC_SYMBOLS_PRIVATE_EXTERN = NO;
				GCC_WARN_64_TO_32_BIT_CONVERSION = YES;
				GCC_WARN_ABOUT_RETURN_TYPE = YES_ERROR;
				GCC_WARN_UNDECLARED_SELECTOR = YES;
				GCC_WARN_UNINITIALIZED_AUTOS = YES_AGGRESSIVE;
				GCC_WARN_UNUSED_FUNCTION = YES;
				GCC_WARN_UNUSED_VARIABLE = YES;
				IPHONEOS_DEPLOYMENT_TARGET = 8.0;
				MTL_ENABLE_DEBUG_INFO = YES;
				ONLY_ACTIVE_ARCH = YES;
				SDKROOT = iphoneos;
			};
			name = Debug;
		};
		58B511EE1A9E6C8500147676 /* Release */ = {
			isa = XCBuildConfiguration;
			buildSettings = {
				ALWAYS_SEARCH_USER_PATHS = NO;
				CLANG_CXX_LANGUAGE_STANDARD = "gnu++0x";
				CLANG_CXX_LIBRARY = "libc++";
				CLANG_ENABLE_MODULES = YES;
				CLANG_ENABLE_OBJC_ARC = YES;
				CLANG_WARN_BOOL_CONVERSION = YES;
				CLANG_WARN_CONSTANT_CONVERSION = YES;
				CLANG_WARN_DIRECT_OBJC_ISA_USAGE = YES_ERROR;
				CLANG_WARN_EMPTY_BODY = YES;
				CLANG_WARN_ENUM_CONVERSION = YES;
				CLANG_WARN_INT_CONVERSION = YES;
				CLANG_WARN_OBJC_ROOT_CLASS = YES_ERROR;
				CLANG_WARN_UNREACHABLE_CODE = YES;
				CLANG_WARN__DUPLICATE_METHOD_MATCH = YES;
				COPY_PHASE_STRIP = YES;
				ENABLE_NS_ASSERTIONS = NO;
				ENABLE_STRICT_OBJC_MSGSEND = YES;
				GCC_C_LANGUAGE_STANDARD = gnu99;
				GCC_WARN_64_TO_32_BIT_CONVERSION = YES;
				GCC_WARN_ABOUT_RETURN_TYPE = YES_ERROR;
				GCC_WARN_UNDECLARED_SELECTOR = YES;
				GCC_WARN_UNINITIALIZED_AUTOS = YES_AGGRESSIVE;
				GCC_WARN_UNUSED_FUNCTION = YES;
				GCC_WARN_UNUSED_VARIABLE = YES;
				IPHONEOS_DEPLOYMENT_TARGET = 8.0;
				MTL_ENABLE_DEBUG_INFO = NO;
				SDKROOT = iphoneos;
				VALIDATE_PRODUCT = YES;
			};
			name = Release;
		};
		58B511F01A9E6C8500147676 /* Debug */ = {
			isa = XCBuildConfiguration;
			buildSettings = {
				HEADER_SEARCH_PATHS = (
					"$(inherited)",
					/Applications/Xcode.app/Contents/Developer/Toolchains/XcodeDefault.xctoolchain/usr/include,
					"$(SRCROOT)/../../../React/**",
					"$(SRCROOT)/../../react-native/React/**",
					"$(SRCROOT)/../example/DemoProject/node_modules/react-native/React/**",
				);
				LIBRARY_SEARCH_PATHS = "$(inherited)";
				OTHER_LDFLAGS = "-ObjC";
				PRODUCT_NAME = RNShare;
				SKIP_INSTALL = YES;
			};
			name = Debug;
		};
		58B511F11A9E6C8500147676 /* Release */ = {
			isa = XCBuildConfiguration;
			buildSettings = {
				HEADER_SEARCH_PATHS = (
					"$(inherited)",
					/Applications/Xcode.app/Contents/Developer/Toolchains/XcodeDefault.xctoolchain/usr/include,
					"$(SRCROOT)/../../../React/**",
					"$(SRCROOT)/../../react-native/React/**",
					"$(SRCROOT)/../example/DemoProject/node_modules/react-native/React/**",
				);
				LIBRARY_SEARCH_PATHS = "$(inherited)";
				OTHER_LDFLAGS = "-ObjC";
				PRODUCT_NAME = RNShare;
				SKIP_INSTALL = YES;
			};
			name = Release;
		};
		BE8C44091DF93727006F7D0D /* Debug */ = {
			isa = XCBuildConfiguration;
			buildSettings = {
				CLANG_ANALYZER_NONNULL = YES;
				CLANG_WARN_DOCUMENTATION_COMMENTS = YES;
				CLANG_WARN_INFINITE_RECURSION = YES;
				CLANG_WARN_SUSPICIOUS_MOVES = YES;
				CODE_SIGN_IDENTITY = "-";
				COMBINE_HIDPI_IMAGES = NO;
				DEBUG_INFORMATION_FORMAT = dwarf;
				DEVELOPMENT_TEAM = 3X53CJD4HG;
				ENABLE_TESTABILITY = YES;
				GCC_NO_COMMON_BLOCKS = YES;
				INFOPLIST_FILE = libRNShareResources/Info.plist;
				INSTALL_PATH = "$(LOCAL_LIBRARY_DIR)/Bundles";
				MACOSX_DEPLOYMENT_TARGET = 10.11;
				PRODUCT_BUNDLE_IDENTIFIER = "-GAG.libRNShareResources";
				PRODUCT_NAME = "$(TARGET_NAME)";
				SDKROOT = iphoneos;
				SKIP_INSTALL = YES;
				WRAPPER_EXTENSION = bundle;
			};
			name = Debug;
		};
		BE8C440A1DF93727006F7D0D /* Release */ = {
			isa = XCBuildConfiguration;
			buildSettings = {
				CLANG_ANALYZER_NONNULL = YES;
				CLANG_WARN_DOCUMENTATION_COMMENTS = YES;
				CLANG_WARN_INFINITE_RECURSION = YES;
				CLANG_WARN_SUSPICIOUS_MOVES = YES;
				CODE_SIGN_IDENTITY = "-";
				COMBINE_HIDPI_IMAGES = NO;
				COPY_PHASE_STRIP = NO;
				DEBUG_INFORMATION_FORMAT = "dwarf-with-dsym";
				DEVELOPMENT_TEAM = 3X53CJD4HG;
				GCC_NO_COMMON_BLOCKS = YES;
				INFOPLIST_FILE = libRNShareResources/Info.plist;
				INSTALL_PATH = "$(LOCAL_LIBRARY_DIR)/Bundles";
				MACOSX_DEPLOYMENT_TARGET = 10.11;
				PRODUCT_BUNDLE_IDENTIFIER = "-GAG.libRNShareResources";
				PRODUCT_NAME = "$(TARGET_NAME)";
				SDKROOT = iphoneos;
				SKIP_INSTALL = YES;
				WRAPPER_EXTENSION = bundle;
			};
			name = Release;
		};
/* End XCBuildConfiguration section */

/* Begin XCConfigurationList section */
		58B511D61A9E6C8500147676 /* Build configuration list for PBXProject "RNShare" */ = {
			isa = XCConfigurationList;
			buildConfigurations = (
				58B511ED1A9E6C8500147676 /* Debug */,
				58B511EE1A9E6C8500147676 /* Release */,
			);
			defaultConfigurationIsVisible = 0;
			defaultConfigurationName = Release;
		};
		58B511EF1A9E6C8500147676 /* Build configuration list for PBXNativeTarget "RNShare" */ = {
			isa = XCConfigurationList;
			buildConfigurations = (
				58B511F01A9E6C8500147676 /* Debug */,
				58B511F11A9E6C8500147676 /* Release */,
			);
			defaultConfigurationIsVisible = 0;
			defaultConfigurationName = Release;
		};
		BE8C44081DF93727006F7D0D /* Build configuration list for PBXNativeTarget "libRNShareResources" */ = {
			isa = XCConfigurationList;
			buildConfigurations = (
				BE8C44091DF93727006F7D0D /* Debug */,
				BE8C440A1DF93727006F7D0D /* Release */,
			);
			defaultConfigurationIsVisible = 0;
			defaultConfigurationName = Release;
		};
/* End XCConfigurationList section */
	};
	rootObject = 58B511D31A9E6C8500147676 /* Project object */;
}
